
Microsoft Visual Studio Solution File, Format Version 12.00
# Visual Studio 15
VisualStudioVersion = 15.0.28307.539
MinimumVisualStudioVersion = 10.0.40219.1
Project("{FAE04EC0-301F-11D3-BF4B-00C04F79EFBC}") = "DeskTopContactApp", "DeskTopContactApp\DeskTopContactApp.csproj", "{6A7F8183-A675-40A3-9901-AA317E24DB11}"
EndProject
Global
	GlobalSection(SolutionConfigurationPlatforms) = preSolution
		Debug|Any CPU = Debug|Any CPU
		Release|Any CPU = Release|Any CPU
	EndGlobalSection
	GlobalSection(ProjectConfigurationPlatforms) = postSolution
		{6A7F8183-A675-40A3-9901-AA317E24DB11}.Debug|Any CPU.ActiveCfg = Debug|Any CPU
		{6A7F8183-A675-40A3-9901-AA317E24DB11}.Debug|Any CPU.Build.0 = Debug|Any CPU
		{6A7F8183-A675-40A3-9901-AA317E24DB11}.Release|Any CPU.ActiveCfg = Release|Any CPU
		{6A7F8183-A675-40A3-9901-AA317E24DB11}.Release|Any CPU.Build.0 = Release|Any CPU
	EndGlobalSection
	GlobalSection(SolutionProperties) = preSolution
		HideSolutionNode = FALSE
	EndGlobalSection
	GlobalSection(ExtensibilityGlobals) = postSolution
		SolutionGuid = {D928D0F4-3265-40AC-8478-F4F683F5B9F2}
	EndGlobalSection
EndGlobal
